
Microsoft Visual Studio Solution File, Format Version 12.00
# Visual Studio Version 17
VisualStudioVersion = 17.13.35825.156
MinimumVisualStudioVersion = 10.0.40219.1
Project("{FAE04EC0-301F-11D3-BF4B-00C04F79EFBC}") = "YugiohTradingCars", "YugiohTradingCars\YugiohTradingCars.csproj", "{CFC74000-85B8-4428-A447-A0632A4843A5}"
EndProject
Project("{FAE04EC0-301F-11D3-BF4B-00C04F79EFBC}") = "YugiyohApiHandler", "YugiyohApiHandler\YugiyohApiHandler.csproj", "{98353FA3-27B2-4471-8174-F6AABAD74642}"
EndProject
Project("{FAE04EC0-301F-11D3-BF4B-00C04F79EFBC}") = "DataBaseBinder", "DataBaseBinder\DataBaseBinder.csproj", "{9107746B-7C83-4CEE-8B25-3F5BD51B09FB}"
EndProject
Project("{FAE04EC0-301F-11D3-BF4B-00C04F79EFBC}") = "UnitTests", "UnitTests\UnitTests.csproj", "{616CDF68-C2A1-4221-A9A6-35EE2D8947A5}"
EndProject
Global
	GlobalSection(SolutionConfigurationPlatforms) = preSolution
		Debug|Any CPU = Debug|Any CPU
		Release|Any CPU = Release|Any CPU
	EndGlobalSection
	GlobalSection(ProjectConfigurationPlatforms) = postSolution
		{CFC74000-85B8-4428-A447-A0632A4843A5}.Debug|Any CPU.ActiveCfg = Debug|Any CPU
		{CFC74000-85B8-4428-A447-A0632A4843A5}.Debug|Any CPU.Build.0 = Debug|Any CPU
		{CFC74000-85B8-4428-A447-A0632A4843A5}.Release|Any CPU.ActiveCfg = Release|Any CPU
		{CFC74000-85B8-4428-A447-A0632A4843A5}.Release|Any CPU.Build.0 = Release|Any CPU
		{98353FA3-27B2-4471-8174-F6AABAD74642}.Debug|Any CPU.ActiveCfg = Debug|Any CPU
		{98353FA3-27B2-4471-8174-F6AABAD74642}.Debug|Any CPU.Build.0 = Debug|Any CPU
		{98353FA3-27B2-4471-8174-F6AABAD74642}.Release|Any CPU.ActiveCfg = Release|Any CPU
		{98353FA3-27B2-4471-8174-F6AABAD74642}.Release|Any CPU.Build.0 = Release|Any CPU
		{9107746B-7C83-4CEE-8B25-3F5BD51B09FB}.Debug|Any CPU.ActiveCfg = Debug|Any CPU
		{9107746B-7C83-4CEE-8B25-3F5BD51B09FB}.Debug|Any CPU.Build.0 = Debug|Any CPU
		{9107746B-7C83-4CEE-8B25-3F5BD51B09FB}.Release|Any CPU.ActiveCfg = Release|Any CPU
		{9107746B-7C83-4CEE-8B25-3F5BD51B09FB}.Release|Any CPU.Build.0 = Release|Any CPU
		{616CDF68-C2A1-4221-A9A6-35EE2D8947A5}.Debug|Any CPU.ActiveCfg = Debug|Any CPU
		{616CDF68-C2A1-4221-A9A6-35EE2D8947A5}.Debug|Any CPU.Build.0 = Debug|Any CPU
		{616CDF68-C2A1-4221-A9A6-35EE2D8947A5}.Release|Any CPU.ActiveCfg = Release|Any CPU
		{616CDF68-C2A1-4221-A9A6-35EE2D8947A5}.Release|Any CPU.Build.0 = Release|Any CPU
	EndGlobalSection
	GlobalSection(SolutionProperties) = preSolution
		HideSolutionNode = FALSE
	EndGlobalSection
	GlobalSection(ExtensibilityGlobals) = postSolution
		SolutionGuid = {91F916F8-D7B5-457B-9639-379FCD5E07FA}
	EndGlobalSection
EndGlobal
